// !$*UTF8*$!
{
	archiveVersion = 1;
	classes = {
	};
	objectVersion = 77;
	objects = {

/* Begin PBXBuildFile section */
		A0C5FEC02D2A4ADF00A980B2 /* WindowReader in Frameworks */ = {isa = PBXBuildFile; productRef = A0C5FEBF2D2A4ADF00A980B2 /* WindowReader */; };
/* End PBXBuildFile section */

/* Begin PBXContainerItemProxy section */
		A0A2330B2D2A22D400BE439D /* PBXContainerItemProxy */ = {
			isa = PBXContainerItemProxy;
			containerPortal = A0A232E72D2A22D300BE439D /* Project object */;
			proxyType = 1;
			remoteGlobalIDString = A0A232EE2D2A22D300BE439D;
			remoteInfo = UITestHost;
		};
/* End PBXContainerItemProxy section */

/* Begin PBXFileReference section */
		A0A232EF2D2A22D300BE439D /* WindowReaderUITestsApp.app */ = {isa = PBXFileReference; explicitFileType = wrapper.application; includeInIndex = 0; path = WindowReaderUITestsApp.app; sourceTree = BUILT_PRODUCTS_DIR; };
		A0A2330A2D2A22D400BE439D /* WindowReaderUITests.xctest */ = {isa = PBXFileReference; explicitFileType = wrapper.cfbundle; includeInIndex = 0; path = WindowReaderUITests.xctest; sourceTree = BUILT_PRODUCTS_DIR; };
/* End PBXFileReference section */

/* Begin PBXFileSystemSynchronizedRootGroup section */
		A0A232F12D2A22D300BE439D /* WindowReaderUITestsApp */ = {
			isa = PBXFileSystemSynchronizedRootGroup;
			path = WindowReaderUITestsApp;
			sourceTree = "<group>";
		};
		A0A2330D2D2A22D400BE439D /* WindowReaderUITests */ = {
			isa = PBXFileSystemSynchronizedRootGroup;
			path = WindowReaderUITests;
			sourceTree = "<group>";
		};
/* End PBXFileSystemSynchronizedRootGroup section */

/* Begin PBXFrameworksBuildPhase section */
		A0A232EC2D2A22D300BE439D /* Frameworks */ = {
			isa = PBXFrameworksBuildPhase;
			buildActionMask = 2147483647;
			files = (
				A0C5FEC02D2A4ADF00A980B2 /* WindowReader in Frameworks */,
			);
			runOnlyForDeploymentPostprocessing = 0;
		};
		A0A233072D2A22D400BE439D /* Frameworks */ = {
			isa = PBXFrameworksBuildPhase;
			buildActionMask = 2147483647;
			files = (
			);
			runOnlyForDeploymentPostprocessing = 0;
		};
/* End PBXFrameworksBuildPhase section */

/* Begin PBXGroup section */
		A0A232E62D2A22D300BE439D = {
			isa = PBXGroup;
			children = (
				A0A232F12D2A22D300BE439D /* WindowReaderUITestsApp */,
				A0A2330D2D2A22D400BE439D /* WindowReaderUITests */,
				A0A233D82D2A342300BE439D /* Frameworks */,
				A0A232F02D2A22D300BE439D /* Products */,
			);
			sourceTree = "<group>";
		};
		A0A232F02D2A22D300BE439D /* Products */ = {
			isa = PBXGroup;
			children = (
				A0A232EF2D2A22D300BE439D /* WindowReaderUITestsApp.app */,
				A0A2330A2D2A22D400BE439D /* WindowReaderUITests.xctest */,
			);
			name = Products;
			sourceTree = "<group>";
		};
		A0A233D82D2A342300BE439D /* Frameworks */ = {
			isa = PBXGroup;
			children = (
			);
			name = Frameworks;
			sourceTree = "<group>";
		};
/* End PBXGroup section */

/* Begin PBXNativeTarget section */
		A0A232EE2D2A22D300BE439D /* WindowReaderUITestsApp */ = {
			isa = PBXNativeTarget;
			buildConfigurationList = A0A233142D2A22D400BE439D /* Build configuration list for PBXNativeTarget "WindowReaderUITestsApp" */;
			buildPhases = (
				A0A232EB2D2A22D300BE439D /* Sources */,
				A0A232EC2D2A22D300BE439D /* Frameworks */,
				A0A232ED2D2A22D300BE439D /* Resources */,
			);
			buildRules = (
			);
			dependencies = (
				A067EE2F2D2A39F10008C93A /* PBXTargetDependency */,
			);
			fileSystemSynchronizedGroups = (
				A0A232F12D2A22D300BE439D /* WindowReaderUITestsApp */,
			);
			name = WindowReaderUITestsApp;
			packageProductDependencies = (
				A0C5FEBF2D2A4ADF00A980B2 /* WindowReader */,
			);
			productName = UITestHost;
			productReference = A0A232EF2D2A22D300BE439D /* WindowReaderUITestsApp.app */;
			productType = "com.apple.product-type.application";
		};
		A0A233092D2A22D400BE439D /* WindowReaderUITests */ = {
			isa = PBXNativeTarget;
			buildConfigurationList = A0A2331A2D2A22D400BE439D /* Build configuration list for PBXNativeTarget "WindowReaderUITests" */;
			buildPhases = (
				A0A233062D2A22D400BE439D /* Sources */,
				A0A233072D2A22D400BE439D /* Frameworks */,
				A0A233082D2A22D400BE439D /* Resources */,
			);
			buildRules = (
			);
			dependencies = (
				A067EE312D2A39F50008C93A /* PBXTargetDependency */,
				A0A2330C2D2A22D400BE439D /* PBXTargetDependency */,
			);
			fileSystemSynchronizedGroups = (
				A0A232F12D2A22D300BE439D /* WindowReaderUITestsApp */,
				A0A2330D2D2A22D400BE439D /* WindowReaderUITests */,
			);
			name = WindowReaderUITests;
			packageProductDependencies = (
			);
			productName = UITestHostUITests;
			productReference = A0A2330A2D2A22D400BE439D /* WindowReaderUITests.xctest */;
			productType = "com.apple.product-type.bundle.ui-testing";
		};
/* End PBXNativeTarget section */

/* Begin PBXProject section */
		A0A232E72D2A22D300BE439D /* Project object */ = {
			isa = PBXProject;
			attributes = {
				BuildIndependentTargetsInParallel = 1;
				LastSwiftUpdateCheck = 1620;
				LastUpgradeCheck = 1620;
				TargetAttributes = {
					A0A232EE2D2A22D300BE439D = {
						CreatedOnToolsVersion = 16.2;
					};
					A0A233092D2A22D400BE439D = {
						CreatedOnToolsVersion = 16.2;
						TestTargetID = A0A232EE2D2A22D300BE439D;
					};
				};
			};
			buildConfigurationList = A0A232EA2D2A22D300BE439D /* Build configuration list for PBXProject "WindowReaderUITests" */;
			developmentRegion = en;
			hasScannedForEncodings = 0;
			knownRegions = (
				en,
				Base,
			);
			mainGroup = A0A232E62D2A22D300BE439D;
			minimizedProjectReferenceProxies = 1;
			packageReferences = (
				A067EE2D2D2A39CF0008C93A /* XCRemoteSwiftPackageReference "SwiftLintPlugins" */,
				A0C5FE992D2A4A0300A980B2 /* XCLocalSwiftPackageReference "../../WindowReader" */,
			);
			preferredProjectObjectVersion = 77;
			productRefGroup = A0A232F02D2A22D300BE439D /* Products */;
			projectDirPath = "";
			projectRoot = "";
			targets = (
				A0A232EE2D2A22D300BE439D /* WindowReaderUITestsApp */,
				A0A233092D2A22D400BE439D /* WindowReaderUITests */,
			);
		};
/* End PBXProject section */

/* Begin PBXResourcesBuildPhase section */
		A0A232ED2D2A22D300BE439D /* Resources */ = {
			isa = PBXResourcesBuildPhase;
			buildActionMask = 2147483647;
			files = (
			);
			runOnlyForDeploymentPostprocessing = 0;
		};
		A0A233082D2A22D400BE439D /* Resources */ = {
			isa = PBXResourcesBuildPhase;
			buildActionMask = 2147483647;
			files = (
			);
			runOnlyForDeploymentPostprocessing = 0;
		};
/* End PBXResourcesBuildPhase section */

/* Begin PBXSourcesBuildPhase section */
		A0A232EB2D2A22D300BE439D /* Sources */ = {
			isa = PBXSourcesBuildPhase;
			buildActionMask = 2147483647;
			files = (
			);
			runOnlyForDeploymentPostprocessing = 0;
		};
		A0A233062D2A22D400BE439D /* Sources */ = {
			isa = PBXSourcesBuildPhase;
			buildActionMask = 2147483647;
			files = (
			);
			runOnlyForDeploymentPostprocessing = 0;
		};
/* End PBXSourcesBuildPhase section */

/* Begin PBXTargetDependency section */
		A067EE2F2D2A39F10008C93A /* PBXTargetDependency */ = {
			isa = PBXTargetDependency;
			productRef = A067EE2E2D2A39F10008C93A /* SwiftLintBuildToolPlugin */;
		};
		A067EE312D2A39F50008C93A /* PBXTargetDependency */ = {
			isa = PBXTargetDependency;
			productRef = A067EE302D2A39F50008C93A /* SwiftLintBuildToolPlugin */;
		};
		A0A2330C2D2A22D400BE439D /* PBXTargetDependency */ = {
			isa = PBXTargetDependency;
			target = A0A232EE2D2A22D300BE439D /* WindowReaderUITestsApp */;
			targetProxy = A0A2330B2D2A22D400BE439D /* PBXContainerItemProxy */;
		};
/* End PBXTargetDependency section */

/* Begin XCBuildConfiguration section */
		A0A233122D2A22D400BE439D /* Debug */ = {
			isa = XCBuildConfiguration;
			buildSettings = {
				ALWAYS_SEARCH_USER_PATHS = NO;
				ASSETCATALOG_COMPILER_GENERATE_SWIFT_ASSET_SYMBOL_EXTENSIONS = YES;
				CLANG_ANALYZER_NONNULL = YES;
				CLANG_ANALYZER_NUMBER_OBJECT_CONVERSION = YES_AGGRESSIVE;
				CLANG_CXX_LANGUAGE_STANDARD = "gnu++20";
				CLANG_ENABLE_MODULES = YES;
				CLANG_ENABLE_OBJC_ARC = YES;
				CLANG_ENABLE_OBJC_WEAK = YES;
				CLANG_WARN_BLOCK_CAPTURE_AUTORELEASING = YES;
				CLANG_WARN_BOOL_CONVERSION = YES;
				CLANG_WARN_COMMA = YES;
				CLANG_WARN_CONSTANT_CONVERSION = YES;
				CLANG_WARN_DEPRECATED_OBJC_IMPLEMENTATIONS = YES;
				CLANG_WARN_DIRECT_OBJC_ISA_USAGE = YES_ERROR;
				CLANG_WARN_DOCUMENTATION_COMMENTS = YES;
				CLANG_WARN_EMPTY_BODY = YES;
				CLANG_WARN_ENUM_CONVERSION = YES;
				CLANG_WARN_INFINITE_RECURSION = YES;
				CLANG_WARN_INT_CONVERSION = YES;
				CLANG_WARN_NON_LITERAL_NULL_CONVERSION = YES;
				CLANG_WARN_OBJC_IMPLICIT_RETAIN_SELF = YES;
				CLANG_WARN_OBJC_LITERAL_CONVERSION = YES;
				CLANG_WARN_OBJC_ROOT_CLASS = YES_ERROR;
				CLANG_WARN_QUOTED_INCLUDE_IN_FRAMEWORK_HEADER = YES;
				CLANG_WARN_RANGE_LOOP_ANALYSIS = YES;
				CLANG_WARN_STRICT_PROTOTYPES = YES;
				CLANG_WARN_SUSPICIOUS_MOVE = YES;
				CLANG_WARN_UNGUARDED_AVAILABILITY = YES_AGGRESSIVE;
				CLANG_WARN_UNREACHABLE_CODE = YES;
				CLANG_WARN__DUPLICATE_METHOD_MATCH = YES;
				COPY_PHASE_STRIP = NO;
				DEBUG_INFORMATION_FORMAT = dwarf;
				ENABLE_STRICT_OBJC_MSGSEND = YES;
				ENABLE_TESTABILITY = YES;
				ENABLE_USER_SCRIPT_SANDBOXING = YES;
				GCC_C_LANGUAGE_STANDARD = gnu17;
				GCC_DYNAMIC_NO_PIC = NO;
				GCC_NO_COMMON_BLOCKS = YES;
				GCC_OPTIMIZATION_LEVEL = 0;
				GCC_PREPROCESSOR_DEFINITIONS = (
					"DEBUG=1",
					"$(inherited)",
				);
				GCC_WARN_64_TO_32_BIT_CONVERSION = YES;
				GCC_WARN_ABOUT_RETURN_TYPE = YES_ERROR;
				GCC_WARN_UNDECLARED_SELECTOR = YES;
				GCC_WARN_UNINITIALIZED_AUTOS = YES_AGGRESSIVE;
				GCC_WARN_UNUSED_FUNCTION = YES;
				GCC_WARN_UNUSED_VARIABLE = YES;
				LOCALIZATION_PREFERS_STRING_CATALOGS = YES;
				MACOSX_DEPLOYMENT_TARGET = 13.5;
				MTL_ENABLE_DEBUG_INFO = INCLUDE_SOURCE;
				MTL_FAST_MATH = YES;
				ONLY_ACTIVE_ARCH = YES;
				SDKROOT = macosx;
				SWIFT_ACTIVE_COMPILATION_CONDITIONS = "DEBUG $(inherited)";
				SWIFT_OPTIMIZATION_LEVEL = "-Onone";
			};
			name = Debug;
		};
		A0A233132D2A22D400BE439D /* Release */ = {
			isa = XCBuildConfiguration;
			buildSettings = {
				ALWAYS_SEARCH_USER_PATHS = NO;
				ASSETCATALOG_COMPILER_GENERATE_SWIFT_ASSET_SYMBOL_EXTENSIONS = YES;
				CLANG_ANALYZER_NONNULL = YES;
				CLANG_ANALYZER_NUMBER_OBJECT_CONVERSION = YES_AGGRESSIVE;
				CLANG_CXX_LANGUAGE_STANDARD = "gnu++20";
				CLANG_ENABLE_MODULES = YES;
				CLANG_ENABLE_OBJC_ARC = YES;
				CLANG_ENABLE_OBJC_WEAK = YES;
				CLANG_WARN_BLOCK_CAPTURE_AUTORELEASING = YES;
				CLANG_WARN_BOOL_CONVERSION = YES;
				CLANG_WARN_COMMA = YES;
				CLANG_WARN_CONSTANT_CONVERSION = YES;
				CLANG_WARN_DEPRECATED_OBJC_IMPLEMENTATIONS = YES;
				CLANG_WARN_DIRECT_OBJC_ISA_USAGE = YES_ERROR;
				CLANG_WARN_DOCUMENTATION_COMMENTS = YES;
				CLANG_WARN_EMPTY_BODY = YES;
				CLANG_WARN_ENUM_CONVERSION = YES;
				CLANG_WARN_INFINITE_RECURSION = YES;
				CLANG_WARN_INT_CONVERSION = YES;
				CLANG_WARN_NON_LITERAL_NULL_CONVERSION = YES;
				CLANG_WARN_OBJC_IMPLICIT_RETAIN_SELF = YES;
				CLANG_WARN_OBJC_LITERAL_CONVERSION = YES;
				CLANG_WARN_OBJC_ROOT_CLASS = YES_ERROR;
				CLANG_WARN_QUOTED_INCLUDE_IN_FRAMEWORK_HEADER = YES;
				CLANG_WARN_RANGE_LOOP_ANALYSIS = YES;
				CLANG_WARN_STRICT_PROTOTYPES = YES;
				CLANG_WARN_SUSPICIOUS_MOVE = YES;
				CLANG_WARN_UNGUARDED_AVAILABILITY = YES_AGGRESSIVE;
				CLANG_WARN_UNREACHABLE_CODE = YES;
				CLANG_WARN__DUPLICATE_METHOD_MATCH = YES;
				COPY_PHASE_STRIP = NO;
				DEBUG_INFORMATION_FORMAT = "dwarf-with-dsym";
				ENABLE_NS_ASSERTIONS = NO;
				ENABLE_STRICT_OBJC_MSGSEND = YES;
				ENABLE_USER_SCRIPT_SANDBOXING = YES;
				GCC_C_LANGUAGE_STANDARD = gnu17;
				GCC_NO_COMMON_BLOCKS = YES;
				GCC_WARN_64_TO_32_BIT_CONVERSION = YES;
				GCC_WARN_ABOUT_RETURN_TYPE = YES_ERROR;
				GCC_WARN_UNDECLARED_SELECTOR = YES;
				GCC_WARN_UNINITIALIZED_AUTOS = YES_AGGRESSIVE;
				GCC_WARN_UNUSED_FUNCTION = YES;
				GCC_WARN_UNUSED_VARIABLE = YES;
				LOCALIZATION_PREFERS_STRING_CATALOGS = YES;
				MACOSX_DEPLOYMENT_TARGET = 13.5;
				MTL_ENABLE_DEBUG_INFO = NO;
				MTL_FAST_MATH = YES;
				SDKROOT = macosx;
				SWIFT_COMPILATION_MODE = wholemodule;
			};
			name = Release;
		};
		A0A233152D2A22D400BE439D /* Debug */ = {
			isa = XCBuildConfiguration;
			buildSettings = {
				ASSETCATALOG_COMPILER_APPICON_NAME = AppIcon;
				ASSETCATALOG_COMPILER_GLOBAL_ACCENT_COLOR_NAME = AccentColor;
				CODE_SIGN_ENTITLEMENTS = WindowReaderUITestsApp/WindowReaderUITestsApp.entitlements;
				CODE_SIGN_STYLE = Automatic;
				COMBINE_HIDPI_IMAGES = YES;
				CURRENT_PROJECT_VERSION = 1;
				DEVELOPMENT_TEAM = 8P5BNT7526;
				ENABLE_HARDENED_RUNTIME = NO;
				ENABLE_PREVIEWS = YES;
				GENERATE_INFOPLIST_FILE = YES;
				INFOPLIST_KEY_NSHumanReadableCopyright = "";
				LD_RUNPATH_SEARCH_PATHS = (
					"$(inherited)",
					"@executable_path/../Frameworks",
				);
				MACOSX_DEPLOYMENT_TARGET = 13.5;
				MARKETING_VERSION = 1.0;
				PRODUCT_BUNDLE_IDENTIFIER = com.edxds.WindowReaderUITestsApp;
				PRODUCT_NAME = "$(TARGET_NAME)";
				SWIFT_EMIT_LOC_STRINGS = YES;
				SWIFT_VERSION = 5.0;
			};
			name = Debug;
		};
		A0A233162D2A22D400BE439D /* Release */ = {
			isa = XCBuildConfiguration;
			buildSettings = {
				ASSETCATALOG_COMPILER_APPICON_NAME = AppIcon;
				ASSETCATALOG_COMPILER_GLOBAL_ACCENT_COLOR_NAME = AccentColor;
				CODE_SIGN_ENTITLEMENTS = WindowReaderUITestsApp/WindowReaderUITestsApp.entitlements;
				CODE_SIGN_STYLE = Automatic;
				COMBINE_HIDPI_IMAGES = YES;
				CURRENT_PROJECT_VERSION = 1;
				DEVELOPMENT_TEAM = 8P5BNT7526;
				ENABLE_HARDENED_RUNTIME = NO;
				ENABLE_PREVIEWS = YES;
				GENERATE_INFOPLIST_FILE = YES;
				INFOPLIST_KEY_NSHumanReadableCopyright = "";
				LD_RUNPATH_SEARCH_PATHS = (
					"$(inherited)",
					"@executable_path/../Frameworks",
				);
				MACOSX_DEPLOYMENT_TARGET = 13.5;
				MARKETING_VERSION = 1.0;
				PRODUCT_BUNDLE_IDENTIFIER = com.edxds.WindowReaderUITestsApp;
				PRODUCT_NAME = "$(TARGET_NAME)";
				SWIFT_EMIT_LOC_STRINGS = YES;
				SWIFT_VERSION = 5.0;
			};
			name = Release;
		};
		A0A2331B2D2A22D400BE439D /* Debug */ = {
			isa = XCBuildConfiguration;
			buildSettings = {
				CODE_SIGN_STYLE = Automatic;
				CURRENT_PROJECT_VERSION = 1;
				DEVELOPMENT_TEAM = 8P5BNT7526;
				GENERATE_INFOPLIST_FILE = YES;
				MACOSX_DEPLOYMENT_TARGET = 13.5;
				MARKETING_VERSION = 1.0;
				PRODUCT_BUNDLE_IDENTIFIER = com.edxds.WindowReaderUITests;
				PRODUCT_NAME = "$(TARGET_NAME)";
				SWIFT_EMIT_LOC_STRINGS = NO;
				SWIFT_VERSION = 5.0;
				TEST_TARGET_NAME = WindowReaderUITestsApp;
			};
			name = Debug;
		};
		A0A2331C2D2A22D400BE439D /* Release */ = {
			isa = XCBuildConfiguration;
			buildSettings = {
				CODE_SIGN_STYLE = Automatic;
				CURRENT_PROJECT_VERSION = 1;
				DEVELOPMENT_TEAM = 8P5BNT7526;
				GENERATE_INFOPLIST_FILE = YES;
				MACOSX_DEPLOYMENT_TARGET = 13.5;
				MARKETING_VERSION = 1.0;
				PRODUCT_BUNDLE_IDENTIFIER = com.edxds.WindowReaderUITests;
				PRODUCT_NAME = "$(TARGET_NAME)";
				SWIFT_EMIT_LOC_STRINGS = NO;
				SWIFT_VERSION = 5.0;
				TEST_TARGET_NAME = WindowReaderUITestsApp;
			};
			name = Release;
		};
/* End XCBuildConfiguration section */

/* Begin XCConfigurationList section */
		A0A232EA2D2A22D300BE439D /* Build configuration list for PBXProject "WindowReaderUITests" */ = {
			isa = XCConfigurationList;
			buildConfigurations = (
				A0A233122D2A22D400BE439D /* Debug */,
				A0A233132D2A22D400BE439D /* Release */,
			);
			defaultConfigurationIsVisible = 0;
			defaultConfigurationName = Release;
		};
		A0A233142D2A22D400BE439D /* Build configuration list for PBXNativeTarget "WindowReaderUITestsApp" */ = {
			isa = XCConfigurationList;
			buildConfigurations = (
				A0A233152D2A22D400BE439D /* Debug */,
				A0A233162D2A22D400BE439D /* Release */,
			);
			defaultConfigurationIsVisible = 0;
			defaultConfigurationName = Release;
		};
		A0A2331A2D2A22D400BE439D /* Build configuration list for PBXNativeTarget "WindowReaderUITests" */ = {
			isa = XCConfigurationList;
			buildConfigurations = (
				A0A2331B2D2A22D400BE439D /* Debug */,
				A0A2331C2D2A22D400BE439D /* Release */,
			);
			defaultConfigurationIsVisible = 0;
			defaultConfigurationName = Release;
		};
/* End XCConfigurationList section */

/* Begin XCLocalSwiftPackageReference section */
		A0C5FE992D2A4A0300A980B2 /* XCLocalSwiftPackageReference "../../WindowReader" */ = {
			isa = XCLocalSwiftPackageReference;
			relativePath = ../../WindowReader;
		};
/* End XCLocalSwiftPackageReference section */

/* Begin XCRemoteSwiftPackageReference section */
		A067EE2D2D2A39CF0008C93A /* XCRemoteSwiftPackageReference "SwiftLintPlugins" */ = {
			isa = XCRemoteSwiftPackageReference;
			repositoryURL = "https://github.com/SimplyDanny/SwiftLintPlugins";
			requirement = {
				kind = upToNextMajorVersion;
				minimumVersion = 0.57.1;
			};
		};
/* End XCRemoteSwiftPackageReference section */

/* Begin XCSwiftPackageProductDependency section */
		A067EE2E2D2A39F10008C93A /* SwiftLintBuildToolPlugin */ = {
			isa = XCSwiftPackageProductDependency;
			package = A067EE2D2D2A39CF0008C93A /* XCRemoteSwiftPackageReference "SwiftLintPlugins" */;
			productName = "plugin:SwiftLintBuildToolPlugin";
		};
		A067EE302D2A39F50008C93A /* SwiftLintBuildToolPlugin */ = {
			isa = XCSwiftPackageProductDependency;
			package = A067EE2D2D2A39CF0008C93A /* XCRemoteSwiftPackageReference "SwiftLintPlugins" */;
			productName = "plugin:SwiftLintBuildToolPlugin";
		};
		A0C5FEBF2D2A4ADF00A980B2 /* WindowReader */ = {
			isa = XCSwiftPackageProductDependency;
			productName = WindowReader;
		};
/* End XCSwiftPackageProductDependency section */
	};
	rootObject = A0A232E72D2A22D300BE439D /* Project object */;
}
